
Microsoft Visual Studio Solution File, Format Version 12.00
Project("{FAE04EC0-301F-11D3-BF4B-00C04F79EFBC}") = "Task01", "Task01\Task01.csproj", "{408AFF3D-F0AB-4404-92CF-190C5C27DF01}"
EndProject
Global
	GlobalSection(SolutionConfigurationPlatforms) = preSolution
		Debug|Any CPU = Debug|Any CPU
		Release|Any CPU = Release|Any CPU
	EndGlobalSection
	GlobalSection(ProjectConfigurationPlatforms) = postSolution
		{408AFF3D-F0AB-4404-92CF-190C5C27DF01}.Debug|Any CPU.ActiveCfg = Debug|Any CPU
		{408AFF3D-F0AB-4404-92CF-190C5C27DF01}.Debug|Any CPU.Build.0 = Debug|Any CPU
		{408AFF3D-F0AB-4404-92CF-190C5C27DF01}.Release|Any CPU.ActiveCfg = Release|Any CPU
		{408AFF3D-F0AB-4404-92CF-190C5C27DF01}.Release|Any CPU.Build.0 = Release|Any CPU
	EndGlobalSection
EndGlobal
